
Microsoft Visual Studio Solution File, Format Version 12.00
# Visual Studio 15
VisualStudioVersion = 15.0.27703.2035
MinimumVisualStudioVersion = 10.0.40219.1
Project("{9A19103F-16F7-4668-BE54-9A1E7A4F7556}") = "SyntaxTree", "SyntaxTree\SyntaxTree.csproj", "{2B0F82E9-6AE3-4B89-A358-9D79EF1787F7}"
EndProject
Project("{9A19103F-16F7-4668-BE54-9A1E7A4F7556}") = "JavaPlugin", "JavaPlugin\JavaPlugin.csproj", "{F2C9D41D-B87E-43D8-8B50-86364055D8B5}"
EndProject
Project("{9A19103F-16F7-4668-BE54-9A1E7A4F7556}") = "Transpiler", "Transpiler\Transpiler.csproj", "{E0E5BEA9-EAEC-4DD3-A097-DA43DF969687}"
EndProject
Project("{9A19103F-16F7-4668-BE54-9A1E7A4F7556}") = "TranspilerCore", "TranspilerCore\TranspilerCore.csproj", "{97373DCA-9279-4259-8E8F-E65FDDB999F7}"
EndProject
Project("{FAE04EC0-301F-11D3-BF4B-00C04F79EFBC}") = "Infrastructure", "Infrastructure\Infrastructure.csproj", "{3DA68F80-6EB4-49EE-8C31-89445B7465E1}"
EndProject
Global
	GlobalSection(SolutionConfigurationPlatforms) = preSolution
		Debug|Any CPU = Debug|Any CPU
		Release|Any CPU = Release|Any CPU
	EndGlobalSection
	GlobalSection(ProjectConfigurationPlatforms) = postSolution
		{2B0F82E9-6AE3-4B89-A358-9D79EF1787F7}.Debug|Any CPU.ActiveCfg = Debug|Any CPU
		{2B0F82E9-6AE3-4B89-A358-9D79EF1787F7}.Debug|Any CPU.Build.0 = Debug|Any CPU
		{2B0F82E9-6AE3-4B89-A358-9D79EF1787F7}.Release|Any CPU.ActiveCfg = Release|Any CPU
		{2B0F82E9-6AE3-4B89-A358-9D79EF1787F7}.Release|Any CPU.Build.0 = Release|Any CPU
		{F2C9D41D-B87E-43D8-8B50-86364055D8B5}.Debug|Any CPU.ActiveCfg = Debug|Any CPU
		{F2C9D41D-B87E-43D8-8B50-86364055D8B5}.Debug|Any CPU.Build.0 = Debug|Any CPU
		{F2C9D41D-B87E-43D8-8B50-86364055D8B5}.Release|Any CPU.ActiveCfg = Release|Any CPU
		{F2C9D41D-B87E-43D8-8B50-86364055D8B5}.Release|Any CPU.Build.0 = Release|Any CPU
		{E0E5BEA9-EAEC-4DD3-A097-DA43DF969687}.Debug|Any CPU.ActiveCfg = Debug|Any CPU
		{E0E5BEA9-EAEC-4DD3-A097-DA43DF969687}.Debug|Any CPU.Build.0 = Debug|Any CPU
		{E0E5BEA9-EAEC-4DD3-A097-DA43DF969687}.Release|Any CPU.ActiveCfg = Release|Any CPU
		{E0E5BEA9-EAEC-4DD3-A097-DA43DF969687}.Release|Any CPU.Build.0 = Release|Any CPU
		{97373DCA-9279-4259-8E8F-E65FDDB999F7}.Debug|Any CPU.ActiveCfg = Debug|Any CPU
		{97373DCA-9279-4259-8E8F-E65FDDB999F7}.Debug|Any CPU.Build.0 = Debug|Any CPU
		{97373DCA-9279-4259-8E8F-E65FDDB999F7}.Release|Any CPU.ActiveCfg = Release|Any CPU
		{97373DCA-9279-4259-8E8F-E65FDDB999F7}.Release|Any CPU.Build.0 = Release|Any CPU
		{3DA68F80-6EB4-49EE-8C31-89445B7465E1}.Debug|Any CPU.ActiveCfg = Debug|Any CPU
		{3DA68F80-6EB4-49EE-8C31-89445B7465E1}.Debug|Any CPU.Build.0 = Debug|Any CPU
		{3DA68F80-6EB4-49EE-8C31-89445B7465E1}.Release|Any CPU.ActiveCfg = Release|Any CPU
		{3DA68F80-6EB4-49EE-8C31-89445B7465E1}.Release|Any CPU.Build.0 = Release|Any CPU
	EndGlobalSection
	GlobalSection(SolutionProperties) = preSolution
		HideSolutionNode = FALSE
	EndGlobalSection
	GlobalSection(ExtensibilityGlobals) = postSolution
		SolutionGuid = {6C6157C7-F1F9-41ED-B6E9-F0718E932E46}
	EndGlobalSection
EndGlobal
